
Microsoft Visual Studio Solution File, Format Version 12.00
# Visual Studio 15
VisualStudioVersion = 15.0.28307.539
MinimumVisualStudioVersion = 10.0.40219.1
Project("{9A19103F-16F7-4668-BE54-9A1E7A4F7556}") = "SignalRChat", "sample\SignalRChat.csproj", "{C417B08D-E6EF-4D9D-9BC1-16B84D7E3BAF}"
EndProject
Global
	GlobalSection(SolutionConfigurationPlatforms) = preSolution
		Debug|Any CPU = Debug|Any CPU
		Release|Any CPU = Release|Any CPU
	EndGlobalSection
	GlobalSection(ProjectConfigurationPlatforms) = postSolution
		{C417B08D-E6EF-4D9D-9BC1-16B84D7E3BAF}.Debug|Any CPU.ActiveCfg = Debug|Any CPU
		{C417B08D-E6EF-4D9D-9BC1-16B84D7E3BAF}.Debug|Any CPU.Build.0 = Debug|Any CPU
		{C417B08D-E6EF-4D9D-9BC1-16B84D7E3BAF}.Release|Any CPU.ActiveCfg = Release|Any CPU
		{C417B08D-E6EF-4D9D-9BC1-16B84D7E3BAF}.Release|Any CPU.Build.0 = Release|Any CPU
	EndGlobalSection
	GlobalSection(SolutionProperties) = preSolution
		HideSolutionNode = FALSE
	EndGlobalSection
	GlobalSection(ExtensibilityGlobals) = postSolution
		SolutionGuid = {11F2DC35-FB4B-48CD-9F44-B3289B834025}
	EndGlobalSection
EndGlobal
